// !$*UTF8*$!
{
	archiveVersion = 1;
	classes = {
	};
	objectVersion = 56;
	objects = {

/* Begin PBXBuildFile section */
		315449F62B73DEE400F7AE54 /* WaterCutsHomeTableViewCell.swift in Sources */ = {isa = PBXBuildFile; fileRef = 315449F52B73DEE400F7AE54 /* WaterCutsHomeTableViewCell.swift */; };
		315449FA2B73F08900F7AE54 /* WaterCutDetails.swift in Sources */ = {isa = PBXBuildFile; fileRef = 315449F92B73F08900F7AE54 /* WaterCutDetails.swift */; };
		315449FC2B740F9300F7AE54 /* MahallelerCollectionViewCell.swift in Sources */ = {isa = PBXBuildFile; fileRef = 315449FB2B740F9300F7AE54 /* MahallelerCollectionViewCell.swift */; };
		315449FE2B74115900F7AE54 /* WaterCutDetailsViewModel.swift in Sources */ = {isa = PBXBuildFile; fileRef = 315449FD2B74115900F7AE54 /* WaterCutDetailsViewModel.swift */; };
		31F9A5AA2B7130CE00CAC2E8 /* AppDelegate.swift in Sources */ = {isa = PBXBuildFile; fileRef = 31F9A5A92B7130CE00CAC2E8 /* AppDelegate.swift */; };
		31F9A5AC2B7130CE00CAC2E8 /* SceneDelegate.swift in Sources */ = {isa = PBXBuildFile; fileRef = 31F9A5AB2B7130CE00CAC2E8 /* SceneDelegate.swift */; };
		31F9A5AE2B7130CE00CAC2E8 /* ViewController.swift in Sources */ = {isa = PBXBuildFile; fileRef = 31F9A5AD2B7130CE00CAC2E8 /* ViewController.swift */; };
		31F9A5B12B7130CE00CAC2E8 /* Main.storyboard in Resources */ = {isa = PBXBuildFile; fileRef = 31F9A5AF2B7130CE00CAC2E8 /* Main.storyboard */; };
		31F9A5B32B7130D000CAC2E8 /* Assets.xcassets in Resources */ = {isa = PBXBuildFile; fileRef = 31F9A5B22B7130D000CAC2E8 /* Assets.xcassets */; };
		31F9A5B62B7130D000CAC2E8 /* LaunchScreen.storyboard in Resources */ = {isa = PBXBuildFile; fileRef = 31F9A5B42B7130D000CAC2E8 /* LaunchScreen.storyboard */; };
		31F9A5C12B7130D000CAC2E8 /* Su_GittiTests.swift in Sources */ = {isa = PBXBuildFile; fileRef = 31F9A5C02B7130D000CAC2E8 /* Su_GittiTests.swift */; };
		31F9A5CB2B7130D000CAC2E8 /* Su_GittiUITests.swift in Sources */ = {isa = PBXBuildFile; fileRef = 31F9A5CA2B7130D000CAC2E8 /* Su_GittiUITests.swift */; };
		31F9A5CD2B7130D000CAC2E8 /* Su_GittiUITestsLaunchTests.swift in Sources */ = {isa = PBXBuildFile; fileRef = 31F9A5CC2B7130D000CAC2E8 /* Su_GittiUITestsLaunchTests.swift */; };
		31F9A5DE2B71315200CAC2E8 /* ApiService.swift in Sources */ = {isa = PBXBuildFile; fileRef = 31F9A5DD2B71315200CAC2E8 /* ApiService.swift */; };
		31F9A5E02B71319800CAC2E8 /* WaterCut.swift in Sources */ = {isa = PBXBuildFile; fileRef = 31F9A5DF2B71319800CAC2E8 /* WaterCut.swift */; };
		31F9A5E32B71331F00CAC2E8 /* Alamofire in Frameworks */ = {isa = PBXBuildFile; productRef = 31F9A5E22B71331F00CAC2E8 /* Alamofire */; };
		31F9A5E52B71342000CAC2E8 /* WaterCutsHomeViewModel.swift in Sources */ = {isa = PBXBuildFile; fileRef = 31F9A5E42B71342000CAC2E8 /* WaterCutsHomeViewModel.swift */; };
		31F9A5E72B71346400CAC2E8 /* WaterCutsHomeVC.swift in Sources */ = {isa = PBXBuildFile; fileRef = 31F9A5E62B71346400CAC2E8 /* WaterCutsHomeVC.swift */; };
/* End PBXBuildFile section */

/* Begin PBXContainerItemProxy section */
		31F9A5BD2B7130D000CAC2E8 /* PBXContainerItemProxy */ = {
			isa = PBXContainerItemProxy;
			containerPortal = 31F9A59E2B7130CE00CAC2E8 /* Project object */;
			proxyType = 1;
			remoteGlobalIDString = 31F9A5A52B7130CE00CAC2E8;
			remoteInfo = "Su Gitti";
		};
		31F9A5C72B7130D000CAC2E8 /* PBXContainerItemProxy */ = {
			isa = PBXContainerItemProxy;
			containerPortal = 31F9A59E2B7130CE00CAC2E8 /* Project object */;
			proxyType = 1;
			remoteGlobalIDString = 31F9A5A52B7130CE00CAC2E8;
			remoteInfo = "Su Gitti";
		};
/* End PBXContainerItemProxy section */

/* Begin PBXFileReference section */
		315449F52B73DEE400F7AE54 /* WaterCutsHomeTableViewCell.swift */ = {isa = PBXFileReference; lastKnownFileType = sourcecode.swift; path = WaterCutsHomeTableViewCell.swift; sourceTree = "<group>"; };
		315449F92B73F08900F7AE54 /* WaterCutDetails.swift */ = {isa = PBXFileReference; lastKnownFileType = sourcecode.swift; path = WaterCutDetails.swift; sourceTree = "<group>"; };
		315449FB2B740F9300F7AE54 /* MahallelerCollectionViewCell.swift */ = {isa = PBXFileReference; lastKnownFileType = sourcecode.swift; path = MahallelerCollectionViewCell.swift; sourceTree = "<group>"; };
		315449FD2B74115900F7AE54 /* WaterCutDetailsViewModel.swift */ = {isa = PBXFileReference; lastKnownFileType = sourcecode.swift; path = WaterCutDetailsViewModel.swift; sourceTree = "<group>"; };
		31F9A5A62B7130CE00CAC2E8 /* Su Gitti.app */ = {isa = PBXFileReference; explicitFileType = wrapper.application; includeInIndex = 0; path = "Su Gitti.app"; sourceTree = BUILT_PRODUCTS_DIR; };
		31F9A5A92B7130CE00CAC2E8 /* AppDelegate.swift */ = {isa = PBXFileReference; lastKnownFileType = sourcecode.swift; path = AppDelegate.swift; sourceTree = "<group>"; };
		31F9A5AB2B7130CE00CAC2E8 /* SceneDelegate.swift */ = {isa = PBXFileReference; lastKnownFileType = sourcecode.swift; path = SceneDelegate.swift; sourceTree = "<group>"; };
		31F9A5AD2B7130CE00CAC2E8 /* ViewController.swift */ = {isa = PBXFileReference; lastKnownFileType = sourcecode.swift; path = ViewController.swift; sourceTree = "<group>"; };
		31F9A5B02B7130CE00CAC2E8 /* Base */ = {isa = PBXFileReference; lastKnownFileType = file.storyboard; name = Base; path = Base.lproj/Main.storyboard; sourceTree = "<group>"; };
		31F9A5B22B7130D000CAC2E8 /* Assets.xcassets */ = {isa = PBXFileReference; lastKnownFileType = folder.assetcatalog; path = Assets.xcassets; sourceTree = "<group>"; };
		31F9A5B52B7130D000CAC2E8 /* Base */ = {isa = PBXFileReference; lastKnownFileType = file.storyboard; name = Base; path = Base.lproj/LaunchScreen.storyboard; sourceTree = "<group>"; };
		31F9A5B72B7130D000CAC2E8 /* Info.plist */ = {isa = PBXFileReference; lastKnownFileType = text.plist.xml; path = Info.plist; sourceTree = "<group>"; };
		31F9A5BC2B7130D000CAC2E8 /* Su GittiTests.xctest */ = {isa = PBXFileReference; explicitFileType = wrapper.cfbundle; includeInIndex = 0; path = "Su GittiTests.xctest"; sourceTree = BUILT_PRODUCTS_DIR; };
		31F9A5C02B7130D000CAC2E8 /* Su_GittiTests.swift */ = {isa = PBXFileReference; lastKnownFileType = sourcecode.swift; path = Su_GittiTests.swift; sourceTree = "<group>"; };
		31F9A5C62B7130D000CAC2E8 /* Su GittiUITests.xctest */ = {isa = PBXFileReference; explicitFileType = wrapper.cfbundle; includeInIndex = 0; path = "Su GittiUITests.xctest"; sourceTree = BUILT_PRODUCTS_DIR; };
		31F9A5CA2B7130D000CAC2E8 /* Su_GittiUITests.swift */ = {isa = PBXFileReference; lastKnownFileType = sourcecode.swift; path = Su_GittiUITests.swift; sourceTree = "<group>"; };
		31F9A5CC2B7130D000CAC2E8 /* Su_GittiUITestsLaunchTests.swift */ = {isa = PBXFileReference; lastKnownFileType = sourcecode.swift; path = Su_GittiUITestsLaunchTests.swift; sourceTree = "<group>"; };
		31F9A5DD2B71315200CAC2E8 /* ApiService.swift */ = {isa = PBXFileReference; lastKnownFileType = sourcecode.swift; path = ApiService.swift; sourceTree = "<group>"; };
		31F9A5DF2B71319800CAC2E8 /* WaterCut.swift */ = {isa = PBXFileReference; lastKnownFileType = sourcecode.swift; path = WaterCut.swift; sourceTree = "<group>"; };
		31F9A5E42B71342000CAC2E8 /* WaterCutsHomeViewModel.swift */ = {isa = PBXFileReference; lastKnownFileType = sourcecode.swift; path = WaterCutsHomeViewModel.swift; sourceTree = "<group>"; };
		31F9A5E62B71346400CAC2E8 /* WaterCutsHomeVC.swift */ = {isa = PBXFileReference; lastKnownFileType = sourcecode.swift; path = WaterCutsHomeVC.swift; sourceTree = "<group>"; };
/* End PBXFileReference section */

/* Begin PBXFrameworksBuildPhase section */
		31F9A5A32B7130CE00CAC2E8 /* Frameworks */ = {
			isa = PBXFrameworksBuildPhase;
			buildActionMask = 2147483647;
			files = (
				31F9A5E32B71331F00CAC2E8 /* Alamofire in Frameworks */,
			);
			runOnlyForDeploymentPostprocessing = 0;
		};
		31F9A5B92B7130D000CAC2E8 /* Frameworks */ = {
			isa = PBXFrameworksBuildPhase;
			buildActionMask = 2147483647;
			files = (
			);
			runOnlyForDeploymentPostprocessing = 0;
		};
		31F9A5C32B7130D000CAC2E8 /* Frameworks */ = {
			isa = PBXFrameworksBuildPhase;
			buildActionMask = 2147483647;
			files = (
			);
			runOnlyForDeploymentPostprocessing = 0;
		};
/* End PBXFrameworksBuildPhase section */

/* Begin PBXGroup section */
		315449FF2B741FE400F7AE54 /* HomeScreen */ = {
			isa = PBXGroup;
			children = (
				31F9A5E62B71346400CAC2E8 /* WaterCutsHomeVC.swift */,
				315449F52B73DEE400F7AE54 /* WaterCutsHomeTableViewCell.swift */,
			);
			path = HomeScreen;
			sourceTree = "<group>";
		};
		31544A002B741FEB00F7AE54 /* DetailScreen */ = {
			isa = PBXGroup;
			children = (
				315449F92B73F08900F7AE54 /* WaterCutDetails.swift */,
				315449FB2B740F9300F7AE54 /* MahallelerCollectionViewCell.swift */,
			);
			path = DetailScreen;
			sourceTree = "<group>";
		};
		31F9A59D2B7130CE00CAC2E8 = {
			isa = PBXGroup;
			children = (
				31F9A5A82B7130CE00CAC2E8 /* Su Gitti */,
				31F9A5BF2B7130D000CAC2E8 /* Su GittiTests */,
				31F9A5C92B7130D000CAC2E8 /* Su GittiUITests */,
				31F9A5A72B7130CE00CAC2E8 /* Products */,
			);
			sourceTree = "<group>";
		};
		31F9A5A72B7130CE00CAC2E8 /* Products */ = {
			isa = PBXGroup;
			children = (
				31F9A5A62B7130CE00CAC2E8 /* Su Gitti.app */,
				31F9A5BC2B7130D000CAC2E8 /* Su GittiTests.xctest */,
				31F9A5C62B7130D000CAC2E8 /* Su GittiUITests.xctest */,
			);
			name = Products;
			sourceTree = "<group>";
		};
		31F9A5A82B7130CE00CAC2E8 /* Su Gitti */ = {
			isa = PBXGroup;
			children = (
				31F9A5DC2B71313000CAC2E8 /* Service */,
				31F9A5DB2B7130EE00CAC2E8 /* View */,
				31F9A5DA2B7130E700CAC2E8 /* ViewModel */,
				31F9A5D92B7130E000CAC2E8 /* Model */,
				31F9A5A92B7130CE00CAC2E8 /* AppDelegate.swift */,
				31F9A5AB2B7130CE00CAC2E8 /* SceneDelegate.swift */,
				31F9A5AD2B7130CE00CAC2E8 /* ViewController.swift */,
				31F9A5AF2B7130CE00CAC2E8 /* Main.storyboard */,
				31F9A5B22B7130D000CAC2E8 /* Assets.xcassets */,
				31F9A5B42B7130D000CAC2E8 /* LaunchScreen.storyboard */,
				31F9A5B72B7130D000CAC2E8 /* Info.plist */,
			);
			path = "Su Gitti";
			sourceTree = "<group>";
		};
		31F9A5BF2B7130D000CAC2E8 /* Su GittiTests */ = {
			isa = PBXGroup;
			children = (
				31F9A5C02B7130D000CAC2E8 /* Su_GittiTests.swift */,
			);
			path = "Su GittiTests";
			sourceTree = "<group>";
		};
		31F9A5C92B7130D000CAC2E8 /* Su GittiUITests */ = {
			isa = PBXGroup;
			children = (
				31F9A5CA2B7130D000CAC2E8 /* Su_GittiUITests.swift */,
				31F9A5CC2B7130D000CAC2E8 /* Su_GittiUITestsLaunchTests.swift */,
			);
			path = "Su GittiUITests";
			sourceTree = "<group>";
		};
		31F9A5D92B7130E000CAC2E8 /* Model */ = {
			isa = PBXGroup;
			children = (
				31F9A5DF2B71319800CAC2E8 /* WaterCut.swift */,
			);
			path = Model;
			sourceTree = "<group>";
		};
		31F9A5DA2B7130E700CAC2E8 /* ViewModel */ = {
			isa = PBXGroup;
			children = (
				31F9A5E42B71342000CAC2E8 /* WaterCutsHomeViewModel.swift */,
				315449FD2B74115900F7AE54 /* WaterCutDetailsViewModel.swift */,
			);
			path = ViewModel;
			sourceTree = "<group>";
		};
		31F9A5DB2B7130EE00CAC2E8 /* View */ = {
			isa = PBXGroup;
			children = (
				31544A002B741FEB00F7AE54 /* DetailScreen */,
				315449FF2B741FE400F7AE54 /* HomeScreen */,
			);
			path = View;
			sourceTree = "<group>";
		};
		31F9A5DC2B71313000CAC2E8 /* Service */ = {
			isa = PBXGroup;
			children = (
				31F9A5DD2B71315200CAC2E8 /* ApiService.swift */,
			);
			path = Service;
			sourceTree = "<group>";
		};
/* End PBXGroup section */

/* Begin PBXNativeTarget section */
		31F9A5A52B7130CE00CAC2E8 /* Su Gitti */ = {
			isa = PBXNativeTarget;
			buildConfigurationList = 31F9A5D02B7130D000CAC2E8 /* Build configuration list for PBXNativeTarget "Su Gitti" */;
			buildPhases = (
				31F9A5A22B7130CE00CAC2E8 /* Sources */,
				31F9A5A32B7130CE00CAC2E8 /* Frameworks */,
				31F9A5A42B7130CE00CAC2E8 /* Resources */,
			);
			buildRules = (
			);
			dependencies = (
			);
			name = "Su Gitti";
			packageProductDependencies = (
				31F9A5E22B71331F00CAC2E8 /* Alamofire */,
			);
			productName = "Su Gitti";
			productReference = 31F9A5A62B7130CE00CAC2E8 /* Su Gitti.app */;
			productType = "com.apple.product-type.application";
		};
		31F9A5BB2B7130D000CAC2E8 /* Su GittiTests */ = {
			isa = PBXNativeTarget;
			buildConfigurationList = 31F9A5D32B7130D000CAC2E8 /* Build configuration list for PBXNativeTarget "Su GittiTests" */;
			buildPhases = (
				31F9A5B82B7130D000CAC2E8 /* Sources */,
				31F9A5B92B7130D000CAC2E8 /* Frameworks */,
				31F9A5BA2B7130D000CAC2E8 /* Resources */,
			);
			buildRules = (
			);
			dependencies = (
				31F9A5BE2B7130D000CAC2E8 /* PBXTargetDependency */,
			);
			name = "Su GittiTests";
			productName = "Su GittiTests";
			productReference = 31F9A5BC2B7130D000CAC2E8 /* Su GittiTests.xctest */;
			productType = "com.apple.product-type.bundle.unit-test";
		};
		31F9A5C52B7130D000CAC2E8 /* Su GittiUITests */ = {
			isa = PBXNativeTarget;
			buildConfigurationList = 31F9A5D62B7130D000CAC2E8 /* Build configuration list for PBXNativeTarget "Su GittiUITests" */;
			buildPhases = (
				31F9A5C22B7130D000CAC2E8 /* Sources */,
				31F9A5C32B7130D000CAC2E8 /* Frameworks */,
				31F9A5C42B7130D000CAC2E8 /* Resources */,
			);
			buildRules = (
			);
			dependencies = (
				31F9A5C82B7130D000CAC2E8 /* PBXTargetDependency */,
			);
			name = "Su GittiUITests";
			productName = "Su GittiUITests";
			productReference = 31F9A5C62B7130D000CAC2E8 /* Su GittiUITests.xctest */;
			productType = "com.apple.product-type.bundle.ui-testing";
		};
/* End PBXNativeTarget section */

/* Begin PBXProject section */
		31F9A59E2B7130CE00CAC2E8 /* Project object */ = {
			isa = PBXProject;
			attributes = {
				BuildIndependentTargetsInParallel = 1;
				LastSwiftUpdateCheck = 1520;
				LastUpgradeCheck = 1520;
				TargetAttributes = {
					31F9A5A52B7130CE00CAC2E8 = {
						CreatedOnToolsVersion = 15.2;
					};
					31F9A5BB2B7130D000CAC2E8 = {
						CreatedOnToolsVersion = 15.2;
						TestTargetID = 31F9A5A52B7130CE00CAC2E8;
					};
					31F9A5C52B7130D000CAC2E8 = {
						CreatedOnToolsVersion = 15.2;
						TestTargetID = 31F9A5A52B7130CE00CAC2E8;
					};
				};
			};
			buildConfigurationList = 31F9A5A12B7130CE00CAC2E8 /* Build configuration list for PBXProject "Su Gitti" */;
			compatibilityVersion = "Xcode 14.0";
			developmentRegion = en;
			hasScannedForEncodings = 0;
			knownRegions = (
				en,
				Base,
			);
			mainGroup = 31F9A59D2B7130CE00CAC2E8;
			packageReferences = (
				31F9A5E12B71331F00CAC2E8 /* XCRemoteSwiftPackageReference "Alamofire" */,
			);
			productRefGroup = 31F9A5A72B7130CE00CAC2E8 /* Products */;
			projectDirPath = "";
			projectRoot = "";
			targets = (
				31F9A5A52B7130CE00CAC2E8 /* Su Gitti */,
				31F9A5BB2B7130D000CAC2E8 /* Su GittiTests */,
				31F9A5C52B7130D000CAC2E8 /* Su GittiUITests */,
			);
		};
/* End PBXProject section */

/* Begin PBXResourcesBuildPhase section */
		31F9A5A42B7130CE00CAC2E8 /* Resources */ = {
			isa = PBXResourcesBuildPhase;
			buildActionMask = 2147483647;
			files = (
				31F9A5B62B7130D000CAC2E8 /* LaunchScreen.storyboard in Resources */,
				31F9A5B32B7130D000CAC2E8 /* Assets.xcassets in Resources */,
				31F9A5B12B7130CE00CAC2E8 /* Main.storyboard in Resources */,
			);
			runOnlyForDeploymentPostprocessing = 0;
		};
		31F9A5BA2B7130D000CAC2E8 /* Resources */ = {
			isa = PBXResourcesBuildPhase;
			buildActionMask = 2147483647;
			files = (
			);
			runOnlyForDeploymentPostprocessing = 0;
		};
		31F9A5C42B7130D000CAC2E8 /* Resources */ = {
			isa = PBXResourcesBuildPhase;
			buildActionMask = 2147483647;
			files = (
			);
			runOnlyForDeploymentPostprocessing = 0;
		};
/* End PBXResourcesBuildPhase section */

/* Begin PBXSourcesBuildPhase section */
		31F9A5A22B7130CE00CAC2E8 /* Sources */ = {
			isa = PBXSourcesBuildPhase;
			buildActionMask = 2147483647;
			files = (
				31F9A5AE2B7130CE00CAC2E8 /* ViewController.swift in Sources */,
				31F9A5AA2B7130CE00CAC2E8 /* AppDelegate.swift in Sources */,
				315449F62B73DEE400F7AE54 /* WaterCutsHomeTableViewCell.swift in Sources */,
				31F9A5E52B71342000CAC2E8 /* WaterCutsHomeViewModel.swift in Sources */,
				31F9A5DE2B71315200CAC2E8 /* ApiService.swift in Sources */,
				31F9A5AC2B7130CE00CAC2E8 /* SceneDelegate.swift in Sources */,
				31F9A5E72B71346400CAC2E8 /* WaterCutsHomeVC.swift in Sources */,
				315449FE2B74115900F7AE54 /* WaterCutDetailsViewModel.swift in Sources */,
				315449FC2B740F9300F7AE54 /* MahallelerCollectionViewCell.swift in Sources */,
				31F9A5E02B71319800CAC2E8 /* WaterCut.swift in Sources */,
				315449FA2B73F08900F7AE54 /* WaterCutDetails.swift in Sources */,
			);
			runOnlyForDeploymentPostprocessing = 0;
		};
		31F9A5B82B7130D000CAC2E8 /* Sources */ = {
			isa = PBXSourcesBuildPhase;
			buildActionMask = 2147483647;
			files = (
				31F9A5C12B7130D000CAC2E8 /* Su_GittiTests.swift in Sources */,
			);
			runOnlyForDeploymentPostprocessing = 0;
		};
		31F9A5C22B7130D000CAC2E8 /* Sources */ = {
			isa = PBXSourcesBuildPhase;
			buildActionMask = 2147483647;
			files = (
				31F9A5CD2B7130D000CAC2E8 /* Su_GittiUITestsLaunchTests.swift in Sources */,
				31F9A5CB2B7130D000CAC2E8 /* Su_GittiUITests.swift in Sources */,
			);
			runOnlyForDeploymentPostprocessing = 0;
		};
/* End PBXSourcesBuildPhase section */

/* Begin PBXTargetDependency section */
		31F9A5BE2B7130D000CAC2E8 /* PBXTargetDependency */ = {
			isa = PBXTargetDependency;
			target = 31F9A5A52B7130CE00CAC2E8 /* Su Gitti */;
			targetProxy = 31F9A5BD2B7130D000CAC2E8 /* PBXContainerItemProxy */;
		};
		31F9A5C82B7130D000CAC2E8 /* PBXTargetDependency */ = {
			isa = PBXTargetDependency;
			target = 31F9A5A52B7130CE00CAC2E8 /* Su Gitti */;
			targetProxy = 31F9A5C72B7130D000CAC2E8 /* PBXContainerItemProxy */;
		};
/* End PBXTargetDependency section */

/* Begin PBXVariantGroup section */
		31F9A5AF2B7130CE00CAC2E8 /* Main.storyboard */ = {
			isa = PBXVariantGroup;
			children = (
				31F9A5B02B7130CE00CAC2E8 /* Base */,
			);
			name = Main.storyboard;
			sourceTree = "<group>";
		};
		31F9A5B42B7130D000CAC2E8 /* LaunchScreen.storyboard */ = {
			isa = PBXVariantGroup;
			children = (
				31F9A5B52B7130D000CAC2E8 /* Base */,
			);
			name = LaunchScreen.storyboard;
			sourceTree = "<group>";
		};
/* End PBXVariantGroup section */

/* Begin XCBuildConfiguration section */
		31F9A5CE2B7130D000CAC2E8 /* Debug */ = {
			isa = XCBuildConfiguration;
			buildSettings = {
				ALWAYS_SEARCH_USER_PATHS = NO;
				ASSETCATALOG_COMPILER_GENERATE_SWIFT_ASSET_SYMBOL_EXTENSIONS = YES;
				CLANG_ANALYZER_NONNULL = YES;
				CLANG_ANALYZER_NUMBER_OBJECT_CONVERSION = YES_AGGRESSIVE;
				CLANG_CXX_LANGUAGE_STANDARD = "gnu++20";
				CLANG_ENABLE_MODULES = YES;
				CLANG_ENABLE_OBJC_ARC = YES;
				CLANG_ENABLE_OBJC_WEAK = YES;
				CLANG_WARN_BLOCK_CAPTURE_AUTORELEASING = YES;
				CLANG_WARN_BOOL_CONVERSION = YES;
				CLANG_WARN_COMMA = YES;
				CLANG_WARN_CONSTANT_CONVERSION = YES;
				CLANG_WARN_DEPRECATED_OBJC_IMPLEMENTATIONS = YES;
				CLANG_WARN_DIRECT_OBJC_ISA_USAGE = YES_ERROR;
				CLANG_WARN_DOCUMENTATION_COMMENTS = YES;
				CLANG_WARN_EMPTY_BODY = YES;
				CLANG_WARN_ENUM_CONVERSION = YES;
				CLANG_WARN_INFINITE_RECURSION = YES;
				CLANG_WARN_INT_CONVERSION = YES;
				CLANG_WARN_NON_LITERAL_NULL_CONVERSION = YES;
				CLANG_WARN_OBJC_IMPLICIT_RETAIN_SELF = YES;
				CLANG_WARN_OBJC_LITERAL_CONVERSION = YES;
				CLANG_WARN_OBJC_ROOT_CLASS = YES_ERROR;
				CLANG_WARN_QUOTED_INCLUDE_IN_FRAMEWORK_HEADER = YES;
				CLANG_WARN_RANGE_LOOP_ANALYSIS = YES;
				CLANG_WARN_STRICT_PROTOTYPES = YES;
				CLANG_WARN_SUSPICIOUS_MOVE = YES;
				CLANG_WARN_UNGUARDED_AVAILABILITY = YES_AGGRESSIVE;
				CLANG_WARN_UNREACHABLE_CODE = YES;
				CLANG_WARN__DUPLICATE_METHOD_MATCH = YES;
				COPY_PHASE_STRIP = NO;
				DEBUG_INFORMATION_FORMAT = dwarf;
				ENABLE_STRICT_OBJC_MSGSEND = YES;
				ENABLE_TESTABILITY = YES;
				ENABLE_USER_SCRIPT_SANDBOXING = YES;
				GCC_C_LANGUAGE_STANDARD = gnu17;
				GCC_DYNAMIC_NO_PIC = NO;
				GCC_NO_COMMON_BLOCKS = YES;
				GCC_OPTIMIZATION_LEVEL = 0;
				GCC_PREPROCESSOR_DEFINITIONS = (
					"DEBUG=1",
					"$(inherited)",
				);
				GCC_WARN_64_TO_32_BIT_CONVERSION = YES;
				GCC_WARN_ABOUT_RETURN_TYPE = YES_ERROR;
				GCC_WARN_UNDECLARED_SELECTOR = YES;
				GCC_WARN_UNINITIALIZED_AUTOS = YES_AGGRESSIVE;
				GCC_WARN_UNUSED_FUNCTION = YES;
				GCC_WARN_UNUSED_VARIABLE = YES;
				IPHONEOS_DEPLOYMENT_TARGET = 17.2;
				LOCALIZATION_PREFERS_STRING_CATALOGS = YES;
				MTL_ENABLE_DEBUG_INFO = INCLUDE_SOURCE;
				MTL_FAST_MATH = YES;
				ONLY_ACTIVE_ARCH = YES;
				SDKROOT = iphoneos;
				SWIFT_ACTIVE_COMPILATION_CONDITIONS = "DEBUG $(inherited)";
				SWIFT_OPTIMIZATION_LEVEL = "-Onone";
			};
			name = Debug;
		};
		31F9A5CF2B7130D000CAC2E8 /* Release */ = {
			isa = XCBuildConfiguration;
			buildSettings = {
				ALWAYS_SEARCH_USER_PATHS = NO;
				ASSETCATALOG_COMPILER_GENERATE_SWIFT_ASSET_SYMBOL_EXTENSIONS = YES;
				CLANG_ANALYZER_NONNULL = YES;
				CLANG_ANALYZER_NUMBER_OBJECT_CONVERSION = YES_AGGRESSIVE;
				CLANG_CXX_LANGUAGE_STANDARD = "gnu++20";
				CLANG_ENABLE_MODULES = YES;
				CLANG_ENABLE_OBJC_ARC = YES;
				CLANG_ENABLE_OBJC_WEAK = YES;
				CLANG_WARN_BLOCK_CAPTURE_AUTORELEASING = YES;
				CLANG_WARN_BOOL_CONVERSION = YES;
				CLANG_WARN_COMMA = YES;
				CLANG_WARN_CONSTANT_CONVERSION = YES;
				CLANG_WARN_DEPRECATED_OBJC_IMPLEMENTATIONS = YES;
				CLANG_WARN_DIRECT_OBJC_ISA_USAGE = YES_ERROR;
				CLANG_WARN_DOCUMENTATION_COMMENTS = YES;
				CLANG_WARN_EMPTY_BODY = YES;
				CLANG_WARN_ENUM_CONVERSION = YES;
				CLANG_WARN_INFINITE_RECURSION = YES;
				CLANG_WARN_INT_CONVERSION = YES;
				CLANG_WARN_NON_LITERAL_NULL_CONVERSION = YES;
				CLANG_WARN_OBJC_IMPLICIT_RETAIN_SELF = YES;
				CLANG_WARN_OBJC_LITERAL_CONVERSION = YES;
				CLANG_WARN_OBJC_ROOT_CLASS = YES_ERROR;
				CLANG_WARN_QUOTED_INCLUDE_IN_FRAMEWORK_HEADER = YES;
				CLANG_WARN_RANGE_LOOP_ANALYSIS = YES;
				CLANG_WARN_STRICT_PROTOTYPES = YES;
				CLANG_WARN_SUSPICIOUS_MOVE = YES;
				CLANG_WARN_UNGUARDED_AVAILABILITY = YES_AGGRESSIVE;
				CLANG_WARN_UNREACHABLE_CODE = YES;
				CLANG_WARN__DUPLICATE_METHOD_MATCH = YES;
				COPY_PHASE_STRIP = NO;
				DEBUG_INFORMATION_FORMAT = "dwarf-with-dsym";
				ENABLE_NS_ASSERTIONS = NO;
				ENABLE_STRICT_OBJC_MSGSEND = YES;
				ENABLE_USER_SCRIPT_SANDBOXING = YES;
				GCC_C_LANGUAGE_STANDARD = gnu17;
				GCC_NO_COMMON_BLOCKS = YES;
				GCC_WARN_64_TO_32_BIT_CONVERSION = YES;
				GCC_WARN_ABOUT_RETURN_TYPE = YES_ERROR;
				GCC_WARN_UNDECLARED_SELECTOR = YES;
				GCC_WARN_UNINITIALIZED_AUTOS = YES_AGGRESSIVE;
				GCC_WARN_UNUSED_FUNCTION = YES;
				GCC_WARN_UNUSED_VARIABLE = YES;
				IPHONEOS_DEPLOYMENT_TARGET = 17.2;
				LOCALIZATION_PREFERS_STRING_CATALOGS = YES;
				MTL_ENABLE_DEBUG_INFO = NO;
				MTL_FAST_MATH = YES;
				SDKROOT = iphoneos;
				SWIFT_COMPILATION_MODE = wholemodule;
				VALIDATE_PRODUCT = YES;
			};
			name = Release;
		};
		31F9A5D12B7130D000CAC2E8 /* Debug */ = {
			isa = XCBuildConfiguration;
			buildSettings = {
				ASSETCATALOG_COMPILER_APPICON_NAME = AppIcon;
				ASSETCATALOG_COMPILER_GLOBAL_ACCENT_COLOR_NAME = AccentColor;
				CODE_SIGN_STYLE = Automatic;
				CURRENT_PROJECT_VERSION = 1;
				DEVELOPMENT_TEAM = LD92982N8X;
				GENERATE_INFOPLIST_FILE = YES;
				INFOPLIST_FILE = "Su Gitti/Info.plist";
				INFOPLIST_KEY_UIApplicationSupportsIndirectInputEvents = YES;
				INFOPLIST_KEY_UILaunchStoryboardName = LaunchScreen;
				INFOPLIST_KEY_UIMainStoryboardFile = Main;
				INFOPLIST_KEY_UISupportedInterfaceOrientations_iPad = "UIInterfaceOrientationPortrait UIInterfaceOrientationPortraitUpsideDown UIInterfaceOrientationLandscapeLeft UIInterfaceOrientationLandscapeRight";
				INFOPLIST_KEY_UISupportedInterfaceOrientations_iPhone = "UIInterfaceOrientationPortrait UIInterfaceOrientationLandscapeLeft UIInterfaceOrientationLandscapeRight";
				LD_RUNPATH_SEARCH_PATHS = (
					"$(inherited)",
					"@executable_path/Frameworks",
				);
				MARKETING_VERSION = 1.0;
				PRODUCT_BUNDLE_IDENTIFIER = "com.ozan.Su-Gitti";
				PRODUCT_NAME = "$(TARGET_NAME)";
				SWIFT_EMIT_LOC_STRINGS = YES;
				SWIFT_VERSION = 5.0;
				TARGETED_DEVICE_FAMILY = "1,2";
			};
			name = Debug;
		};
		31F9A5D22B7130D000CAC2E8 /* Release */ = {
			isa = XCBuildConfiguration;
			buildSettings = {
				ASSETCATALOG_COMPILER_APPICON_NAME = AppIcon;
				ASSETCATALOG_COMPILER_GLOBAL_ACCENT_COLOR_NAME = AccentColor;
				CODE_SIGN_STYLE = Automatic;
				CURRENT_PROJECT_VERSION = 1;
				DEVELOPMENT_TEAM = LD92982N8X;
				GENERATE_INFOPLIST_FILE = YES;
				INFOPLIST_FILE = "Su Gitti/Info.plist";
				INFOPLIST_KEY_UIApplicationSupportsIndirectInputEvents = YES;
				INFOPLIST_KEY_UILaunchStoryboardName = LaunchScreen;
				INFOPLIST_KEY_UIMainStoryboardFile = Main;
				INFOPLIST_KEY_UISupportedInterfaceOrientations_iPad = "UIInterfaceOrientationPortrait UIInterfaceOrientationPortraitUpsideDown UIInterfaceOrientationLandscapeLeft UIInterfaceOrientationLandscapeRight";
				INFOPLIST_KEY_UISupportedInterfaceOrientations_iPhone = "UIInterfaceOrientationPortrait UIInterfaceOrientationLandscapeLeft UIInterfaceOrientationLandscapeRight";
				LD_RUNPATH_SEARCH_PATHS = (
					"$(inherited)",
					"@executable_path/Frameworks",
				);
				MARKETING_VERSION = 1.0;
				PRODUCT_BUNDLE_IDENTIFIER = "com.ozan.Su-Gitti";
				PRODUCT_NAME = "$(TARGET_NAME)";
				SWIFT_EMIT_LOC_STRINGS = YES;
				SWIFT_VERSION = 5.0;
				TARGETED_DEVICE_FAMILY = "1,2";
			};
			name = Release;
		};
		31F9A5D42B7130D000CAC2E8 /* Debug */ = {
			isa = XCBuildConfiguration;
			buildSettings = {
				ALWAYS_EMBED_SWIFT_STANDARD_LIBRARIES = YES;
				BUNDLE_LOADER = "$(TEST_HOST)";
				CODE_SIGN_STYLE = Automatic;
				CURRENT_PROJECT_VERSION = 1;
				DEVELOPMENT_TEAM = LD92982N8X;
				GENERATE_INFOPLIST_FILE = YES;
				IPHONEOS_DEPLOYMENT_TARGET = 17.2;
				MARKETING_VERSION = 1.0;
				PRODUCT_BUNDLE_IDENTIFIER = "com.ozan.Su-GittiTests";
				PRODUCT_NAME = "$(TARGET_NAME)";
				SWIFT_EMIT_LOC_STRINGS = NO;
				SWIFT_VERSION = 5.0;
				TARGETED_DEVICE_FAMILY = "1,2";
				TEST_HOST = "$(BUILT_PRODUCTS_DIR)/Su Gitti.app/$(BUNDLE_EXECUTABLE_FOLDER_PATH)/Su Gitti";
			};
			name = Debug;
		};
		31F9A5D52B7130D000CAC2E8 /* Release */ = {
			isa = XCBuildConfiguration;
			buildSettings = {
				ALWAYS_EMBED_SWIFT_STANDARD_LIBRARIES = YES;
				BUNDLE_LOADER = "$(TEST_HOST)";
				CODE_SIGN_STYLE = Automatic;
				CURRENT_PROJECT_VERSION = 1;
				DEVELOPMENT_TEAM = LD92982N8X;
				GENERATE_INFOPLIST_FILE = YES;
				IPHONEOS_DEPLOYMENT_TARGET = 17.2;
				MARKETING_VERSION = 1.0;
				PRODUCT_BUNDLE_IDENTIFIER = "com.ozan.Su-GittiTests";
				PRODUCT_NAME = "$(TARGET_NAME)";
				SWIFT_EMIT_LOC_STRINGS = NO;
				SWIFT_VERSION = 5.0;
				TARGETED_DEVICE_FAMILY = "1,2";
				TEST_HOST = "$(BUILT_PRODUCTS_DIR)/Su Gitti.app/$(BUNDLE_EXECUTABLE_FOLDER_PATH)/Su Gitti";
			};
			name = Release;
		};
		31F9A5D72B7130D000CAC2E8 /* Debug */ = {
			isa = XCBuildConfiguration;
			buildSettings = {
				ALWAYS_EMBED_SWIFT_STANDARD_LIBRARIES = YES;
				CODE_SIGN_STYLE = Automatic;
				CURRENT_PROJECT_VERSION = 1;
				DEVELOPMENT_TEAM = LD92982N8X;
				GENERATE_INFOPLIST_FILE = YES;
				MARKETING_VERSION = 1.0;
				PRODUCT_BUNDLE_IDENTIFIER = "com.ozan.Su-GittiUITests";
				PRODUCT_NAME = "$(TARGET_NAME)";
				SWIFT_EMIT_LOC_STRINGS = NO;
				SWIFT_VERSION = 5.0;
				TARGETED_DEVICE_FAMILY = "1,2";
				TEST_TARGET_NAME = "Su Gitti";
			};
			name = Debug;
		};
		31F9A5D82B7130D000CAC2E8 /* Release */ = {
			isa = XCBuildConfiguration;
			buildSettings = {
				ALWAYS_EMBED_SWIFT_STANDARD_LIBRARIES = YES;
				CODE_SIGN_STYLE = Automatic;
				CURRENT_PROJECT_VERSION = 1;
				DEVELOPMENT_TEAM = LD92982N8X;
				GENERATE_INFOPLIST_FILE = YES;
				MARKETING_VERSION = 1.0;
				PRODUCT_BUNDLE_IDENTIFIER = "com.ozan.Su-GittiUITests";
				PRODUCT_NAME = "$(TARGET_NAME)";
				SWIFT_EMIT_LOC_STRINGS = NO;
				SWIFT_VERSION = 5.0;
				TARGETED_DEVICE_FAMILY = "1,2";
				TEST_TARGET_NAME = "Su Gitti";
			};
			name = Release;
		};
/* End XCBuildConfiguration section */

/* Begin XCConfigurationList section */
		31F9A5A12B7130CE00CAC2E8 /* Build configuration list for PBXProject "Su Gitti" */ = {
			isa = XCConfigurationList;
			buildConfigurations = (
				31F9A5CE2B7130D000CAC2E8 /* Debug */,
				31F9A5CF2B7130D000CAC2E8 /* Release */,
			);
			defaultConfigurationIsVisible = 0;
			defaultConfigurationName = Release;
		};
		31F9A5D02B7130D000CAC2E8 /* Build configuration list for PBXNativeTarget "Su Gitti" */ = {
			isa = XCConfigurationList;
			buildConfigurations = (
				31F9A5D12B7130D000CAC2E8 /* Debug */,
				31F9A5D22B7130D000CAC2E8 /* Release */,
			);
			defaultConfigurationIsVisible = 0;
			defaultConfigurationName = Release;
		};
		31F9A5D32B7130D000CAC2E8 /* Build configuration list for PBXNativeTarget "Su GittiTests" */ = {
			isa = XCConfigurationList;
			buildConfigurations = (
				31F9A5D42B7130D000CAC2E8 /* Debug */,
				31F9A5D52B7130D000CAC2E8 /* Release */,
			);
			defaultConfigurationIsVisible = 0;
			defaultConfigurationName = Release;
		};
		31F9A5D62B7130D000CAC2E8 /* Build configuration list for PBXNativeTarget "Su GittiUITests" */ = {
			isa = XCConfigurationList;
			buildConfigurations = (
				31F9A5D72B7130D000CAC2E8 /* Debug */,
				31F9A5D82B7130D000CAC2E8 /* Release */,
			);
			defaultConfigurationIsVisible = 0;
			defaultConfigurationName = Release;
		};
/* End XCConfigurationList section */

/* Begin XCRemoteSwiftPackageReference section */
		31F9A5E12B71331F00CAC2E8 /* XCRemoteSwiftPackageReference "Alamofire" */ = {
			isa = XCRemoteSwiftPackageReference;
			repositoryURL = "https://github.com/Alamofire/Alamofire";
			requirement = {
				kind = upToNextMajorVersion;
				minimumVersion = 5.8.1;
			};
		};
/* End XCRemoteSwiftPackageReference section */

/* Begin XCSwiftPackageProductDependency section */
		31F9A5E22B71331F00CAC2E8 /* Alamofire */ = {
			isa = XCSwiftPackageProductDependency;
			package = 31F9A5E12B71331F00CAC2E8 /* XCRemoteSwiftPackageReference "Alamofire" */;
			productName = Alamofire;
		};
/* End XCSwiftPackageProductDependency section */
	};
	rootObject = 31F9A59E2B7130CE00CAC2E8 /* Project object */;
}
